
Microsoft Visual Studio Solution File, Format Version 12.00
# Visual Studio Version 17
VisualStudioVersion = 17.11.35303.130
MinimumVisualStudioVersion = 10.0.40219.1
Project("{FAE04EC0-301F-11D3-BF4B-00C04F79EFBC}") = "LB_3", "LB_3\LB_3.csproj", "{5D889C93-54CD-430D-AE7C-6F6E7BCCCF0B}"
EndProject
Global
	GlobalSection(SolutionConfigurationPlatforms) = preSolution
		Debug|Any CPU = Debug|Any CPU
		Release|Any CPU = Release|Any CPU
	EndGlobalSection
	GlobalSection(ProjectConfigurationPlatforms) = postSolution
		{5D889C93-54CD-430D-AE7C-6F6E7BCCCF0B}.Debug|Any CPU.ActiveCfg = Debug|Any CPU
		{5D889C93-54CD-430D-AE7C-6F6E7BCCCF0B}.Debug|Any CPU.Build.0 = Debug|Any CPU
		{5D889C93-54CD-430D-AE7C-6F6E7BCCCF0B}.Release|Any CPU.ActiveCfg = Release|Any CPU
		{5D889C93-54CD-430D-AE7C-6F6E7BCCCF0B}.Release|Any CPU.Build.0 = Release|Any CPU
	EndGlobalSection
	GlobalSection(SolutionProperties) = preSolution
		HideSolutionNode = FALSE
	EndGlobalSection
	GlobalSection(ExtensibilityGlobals) = postSolution
		SolutionGuid = {71733C66-D219-47D9-A75E-F40EE9EC9A55}
	EndGlobalSection
EndGlobal
